
Microsoft Visual Studio Solution File, Format Version 12.00
# Visual Studio 15
VisualStudioVersion = 15.0.28307.136
MinimumVisualStudioVersion = 10.0.40219.1
Project("{FAE04EC0-301F-11D3-BF4B-00C04F79EFBC}") = "HideKnowledgeItemTextFormHelpBoxAddon", "HideKnowledgeItemTextFormHelpBoxAddon\HideKnowledgeItemTextFormHelpBox.csproj", "{750CBADB-CC6E-4382-9B26-5112D4F93C93}"
EndProject
Global
	GlobalSection(SolutionConfigurationPlatforms) = preSolution
		Debug|Any CPU = Debug|Any CPU
		Release|Any CPU = Release|Any CPU
	EndGlobalSection
	GlobalSection(ProjectConfigurationPlatforms) = postSolution
		{750CBADB-CC6E-4382-9B26-5112D4F93C93}.Debug|Any CPU.ActiveCfg = Debug|Any CPU
		{750CBADB-CC6E-4382-9B26-5112D4F93C93}.Debug|Any CPU.Build.0 = Debug|Any CPU
		{750CBADB-CC6E-4382-9B26-5112D4F93C93}.Release|Any CPU.ActiveCfg = Release|Any CPU
		{750CBADB-CC6E-4382-9B26-5112D4F93C93}.Release|Any CPU.Build.0 = Release|Any CPU
	EndGlobalSection
	GlobalSection(SolutionProperties) = preSolution
		HideSolutionNode = FALSE
	EndGlobalSection
	GlobalSection(ExtensibilityGlobals) = postSolution
		SolutionGuid = {ACDB6368-7F21-4363-8387-E831F4DE724E}
	EndGlobalSection
EndGlobal
